
Microsoft Visual Studio Solution File, Format Version 12.00
# Visual Studio Version 16
VisualStudioVersion = 16.0.29806.167
MinimumVisualStudioVersion = 10.0.40219.1
Project("{9A19103F-16F7-4668-BE54-9A1E7A4F7556}") = "JBHRIS.Api.Dto", "JBHRIS.Api.Dto\JBHRIS.Api.Dto.csproj", "{792AC32A-4D7A-4887-B084-CD4568DC6419}"
EndProject
Project("{9A19103F-16F7-4668-BE54-9A1E7A4F7556}") = "JBHRIS.Api.Dal", "JBHRIS.Api.Dal\JBHRIS.Api.Dal.csproj", "{B1F7C469-F804-464F-9A23-9B234C6282B7}"
EndProject
Project("{9A19103F-16F7-4668-BE54-9A1E7A4F7556}") = "JBHRIS.Api.Bll", "JBHRIS.Api.Bll\JBHRIS.Api.Bll.csproj", "{C4A9DC6A-C63F-48C2-BFB7-ED1FDC1C8C1F}"
EndProject
Project("{9A19103F-16F7-4668-BE54-9A1E7A4F7556}") = "JBHRIS.Api.Service", "JBHRIS.Api.Service\JBHRIS.Api.Service.csproj", "{18E5B1D3-35AB-48E1-BD81-99929112FD13}"
EndProject
Project("{2150E333-8FDC-42A3-9474-1A3956D46DE8}") = "1-1.服務", "1-1.服務", "{625B1876-7578-4BA2-B1C2-E601B36C74C3}"
EndProject
Project("{2150E333-8FDC-42A3-9474-1A3956D46DE8}") = "2-1.邏輯", "2-1.邏輯", "{0788EE7B-656A-4BB8-88BF-5DD4D8232DF6}"
EndProject
Project("{2150E333-8FDC-42A3-9474-1A3956D46DE8}") = "2-2.資料", "2-2.資料", "{BA293A04-CD3D-42E2-AD16-E2632648A75D}"
EndProject
Project("{2150E333-8FDC-42A3-9474-1A3956D46DE8}") = "3-1.DTO", "3-1.DTO", "{1876C6F0-9C65-4DA0-AC8F-9F356A83E3F1}"
EndProject
Project("{2150E333-8FDC-42A3-9474-1A3956D46DE8}") = "0-1.WebApi", "0-1.WebApi", "{66B683AF-41AD-4B6D-B6BA-F5B27D66AE69}"
EndProject
Project("{9A19103F-16F7-4668-BE54-9A1E7A4F7556}") = "JBHRIS.Api.Dal.JBHR", "JBHRIS.Api.Dal.JBHR\JBHRIS.Api.Dal.JBHR.csproj", "{3482422E-80CC-4092-A556-B44D6D7EB770}"
EndProject
Project("{2150E333-8FDC-42A3-9474-1A3956D46DE8}") = "1-2.測試", "1-2.測試", "{7AAB4428-A470-46D0-B6C9-A7A9B2261856}"
EndProject
Project("{9A19103F-16F7-4668-BE54-9A1E7A4F7556}") = "HR_Api_Test", "HR_Api_Test\HR_Api_Test.csproj", "{1F40E648-FABD-4A41-AE2A-31A4CECFC4DE}"
EndProject
Project("{9A19103F-16F7-4668-BE54-9A1E7A4F7556}") = "HR_WebApi", "HR_WebApi\HR_WebApi.csproj", "{731D1A24-D635-477B-9625-A37AD18C7CEC}"
EndProject
Project("{2150E333-8FDC-42A3-9474-1A3956D46DE8}") = "3-2.工具", "3-2.工具", "{D5AF0EDA-FE1F-4E72-80AB-8B3FB0316956}"
EndProject
Project("{9A19103F-16F7-4668-BE54-9A1E7A4F7556}") = "JBHRIS.Api.Tools", "JBHRIS.Api.Tools\JBHRIS.Api.Tools.csproj", "{80FCEDA3-7082-4EE8-81EF-D6C49EEA4792}"
EndProject
Project("{9A19103F-16F7-4668-BE54-9A1E7A4F7556}") = "JBHRIS.Api.Tools.Test", "JBHRIS.Api.Tools.Test\JBHRIS.Api.Tools.Test.csproj", "{DF49104F-D3AD-4634-BC5D-7E86E034C13B}"
EndProject
Project("{9A19103F-16F7-4668-BE54-9A1E7A4F7556}") = "JBHRIS.Api.Dal.JBHR.Test", "JBHRIS.Api.Dal.JBHR.Test\JBHRIS.Api.Dal.JBHR.Test.csproj", "{24A5263E-B24B-45C0-92F2-AF7185853DCA}"
EndProject
Project("{9A19103F-16F7-4668-BE54-9A1E7A4F7556}") = "JBHRIS.Api.Service.Test", "JBHRIS.Api.Service.Test\JBHRIS.Api.Service.Test.csproj", "{0BE1B4BD-8599-4097-B6E8-C6E3CFAAF061}"
EndProject
Project("{FAE04EC0-301F-11D3-BF4B-00C04F79EFBC}") = "JBHRIS.Api.Bll.Test", "JBHRIS.Api.Bll.Test\JBHRIS.Api.Bll.Test.csproj", "{4396BFAF-284E-4D8B-A7EB-B99CF068B623}"
EndProject
Global
	GlobalSection(SolutionConfigurationPlatforms) = preSolution
		Debug|Any CPU = Debug|Any CPU
		Release|Any CPU = Release|Any CPU
	EndGlobalSection
	GlobalSection(ProjectConfigurationPlatforms) = postSolution
		{792AC32A-4D7A-4887-B084-CD4568DC6419}.Debug|Any CPU.ActiveCfg = Debug|Any CPU
		{792AC32A-4D7A-4887-B084-CD4568DC6419}.Debug|Any CPU.Build.0 = Debug|Any CPU
		{792AC32A-4D7A-4887-B084-CD4568DC6419}.Release|Any CPU.ActiveCfg = Release|Any CPU
		{792AC32A-4D7A-4887-B084-CD4568DC6419}.Release|Any CPU.Build.0 = Release|Any CPU
		{B1F7C469-F804-464F-9A23-9B234C6282B7}.Debug|Any CPU.ActiveCfg = Debug|Any CPU
		{B1F7C469-F804-464F-9A23-9B234C6282B7}.Debug|Any CPU.Build.0 = Debug|Any CPU
		{B1F7C469-F804-464F-9A23-9B234C6282B7}.Release|Any CPU.ActiveCfg = Release|Any CPU
		{B1F7C469-F804-464F-9A23-9B234C6282B7}.Release|Any CPU.Build.0 = Release|Any CPU
		{C4A9DC6A-C63F-48C2-BFB7-ED1FDC1C8C1F}.Debug|Any CPU.ActiveCfg = Debug|Any CPU
		{C4A9DC6A-C63F-48C2-BFB7-ED1FDC1C8C1F}.Debug|Any CPU.Build.0 = Debug|Any CPU
		{C4A9DC6A-C63F-48C2-BFB7-ED1FDC1C8C1F}.Release|Any CPU.ActiveCfg = Release|Any CPU
		{C4A9DC6A-C63F-48C2-BFB7-ED1FDC1C8C1F}.Release|Any CPU.Build.0 = Release|Any CPU
		{18E5B1D3-35AB-48E1-BD81-99929112FD13}.Debug|Any CPU.ActiveCfg = Debug|Any CPU
		{18E5B1D3-35AB-48E1-BD81-99929112FD13}.Debug|Any CPU.Build.0 = Debug|Any CPU
		{18E5B1D3-35AB-48E1-BD81-99929112FD13}.Release|Any CPU.ActiveCfg = Release|Any CPU
		{18E5B1D3-35AB-48E1-BD81-99929112FD13}.Release|Any CPU.Build.0 = Release|Any CPU
		{3482422E-80CC-4092-A556-B44D6D7EB770}.Debug|Any CPU.ActiveCfg = Debug|Any CPU
		{3482422E-80CC-4092-A556-B44D6D7EB770}.Debug|Any CPU.Build.0 = Debug|Any CPU
		{3482422E-80CC-4092-A556-B44D6D7EB770}.Release|Any CPU.ActiveCfg = Release|Any CPU
		{3482422E-80CC-4092-A556-B44D6D7EB770}.Release|Any CPU.Build.0 = Release|Any CPU
		{1F40E648-FABD-4A41-AE2A-31A4CECFC4DE}.Debug|Any CPU.ActiveCfg = Debug|Any CPU
		{1F40E648-FABD-4A41-AE2A-31A4CECFC4DE}.Debug|Any CPU.Build.0 = Debug|Any CPU
		{1F40E648-FABD-4A41-AE2A-31A4CECFC4DE}.Release|Any CPU.ActiveCfg = Release|Any CPU
		{1F40E648-FABD-4A41-AE2A-31A4CECFC4DE}.Release|Any CPU.Build.0 = Release|Any CPU
		{731D1A24-D635-477B-9625-A37AD18C7CEC}.Debug|Any CPU.ActiveCfg = Debug|Any CPU
		{731D1A24-D635-477B-9625-A37AD18C7CEC}.Debug|Any CPU.Build.0 = Debug|Any CPU
		{731D1A24-D635-477B-9625-A37AD18C7CEC}.Release|Any CPU.ActiveCfg = Release|Any CPU
		{731D1A24-D635-477B-9625-A37AD18C7CEC}.Release|Any CPU.Build.0 = Release|Any CPU
		{80FCEDA3-7082-4EE8-81EF-D6C49EEA4792}.Debug|Any CPU.ActiveCfg = Debug|Any CPU
		{80FCEDA3-7082-4EE8-81EF-D6C49EEA4792}.Debug|Any CPU.Build.0 = Debug|Any CPU
		{80FCEDA3-7082-4EE8-81EF-D6C49EEA4792}.Release|Any CPU.ActiveCfg = Release|Any CPU
		{80FCEDA3-7082-4EE8-81EF-D6C49EEA4792}.Release|Any CPU.Build.0 = Release|Any CPU
		{DF49104F-D3AD-4634-BC5D-7E86E034C13B}.Debug|Any CPU.ActiveCfg = Debug|Any CPU
		{DF49104F-D3AD-4634-BC5D-7E86E034C13B}.Debug|Any CPU.Build.0 = Debug|Any CPU
		{DF49104F-D3AD-4634-BC5D-7E86E034C13B}.Release|Any CPU.ActiveCfg = Release|Any CPU
		{DF49104F-D3AD-4634-BC5D-7E86E034C13B}.Release|Any CPU.Build.0 = Release|Any CPU
		{24A5263E-B24B-45C0-92F2-AF7185853DCA}.Debug|Any CPU.ActiveCfg = Debug|Any CPU
		{24A5263E-B24B-45C0-92F2-AF7185853DCA}.Debug|Any CPU.Build.0 = Debug|Any CPU
		{24A5263E-B24B-45C0-92F2-AF7185853DCA}.Release|Any CPU.ActiveCfg = Release|Any CPU
		{24A5263E-B24B-45C0-92F2-AF7185853DCA}.Release|Any CPU.Build.0 = Release|Any CPU
		{0BE1B4BD-8599-4097-B6E8-C6E3CFAAF061}.Debug|Any CPU.ActiveCfg = Debug|Any CPU
		{0BE1B4BD-8599-4097-B6E8-C6E3CFAAF061}.Debug|Any CPU.Build.0 = Debug|Any CPU
		{0BE1B4BD-8599-4097-B6E8-C6E3CFAAF061}.Release|Any CPU.ActiveCfg = Release|Any CPU
		{0BE1B4BD-8599-4097-B6E8-C6E3CFAAF061}.Release|Any CPU.Build.0 = Release|Any CPU
		{4396BFAF-284E-4D8B-A7EB-B99CF068B623}.Debug|Any CPU.ActiveCfg = Debug|Any CPU
		{4396BFAF-284E-4D8B-A7EB-B99CF068B623}.Debug|Any CPU.Build.0 = Debug|Any CPU
		{4396BFAF-284E-4D8B-A7EB-B99CF068B623}.Release|Any CPU.ActiveCfg = Release|Any CPU
		{4396BFAF-284E-4D8B-A7EB-B99CF068B623}.Release|Any CPU.Build.0 = Release|Any CPU
	EndGlobalSection
	GlobalSection(SolutionProperties) = preSolution
		HideSolutionNode = FALSE
	EndGlobalSection
	GlobalSection(NestedProjects) = preSolution
		{792AC32A-4D7A-4887-B084-CD4568DC6419} = {1876C6F0-9C65-4DA0-AC8F-9F356A83E3F1}
		{B1F7C469-F804-464F-9A23-9B234C6282B7} = {BA293A04-CD3D-42E2-AD16-E2632648A75D}
		{C4A9DC6A-C63F-48C2-BFB7-ED1FDC1C8C1F} = {0788EE7B-656A-4BB8-88BF-5DD4D8232DF6}
		{18E5B1D3-35AB-48E1-BD81-99929112FD13} = {625B1876-7578-4BA2-B1C2-E601B36C74C3}
		{3482422E-80CC-4092-A556-B44D6D7EB770} = {BA293A04-CD3D-42E2-AD16-E2632648A75D}
		{1F40E648-FABD-4A41-AE2A-31A4CECFC4DE} = {7AAB4428-A470-46D0-B6C9-A7A9B2261856}
		{731D1A24-D635-477B-9625-A37AD18C7CEC} = {66B683AF-41AD-4B6D-B6BA-F5B27D66AE69}
		{80FCEDA3-7082-4EE8-81EF-D6C49EEA4792} = {D5AF0EDA-FE1F-4E72-80AB-8B3FB0316956}
		{DF49104F-D3AD-4634-BC5D-7E86E034C13B} = {D5AF0EDA-FE1F-4E72-80AB-8B3FB0316956}
		{24A5263E-B24B-45C0-92F2-AF7185853DCA} = {BA293A04-CD3D-42E2-AD16-E2632648A75D}
		{0BE1B4BD-8599-4097-B6E8-C6E3CFAAF061} = {625B1876-7578-4BA2-B1C2-E601B36C74C3}
		{4396BFAF-284E-4D8B-A7EB-B99CF068B623} = {0788EE7B-656A-4BB8-88BF-5DD4D8232DF6}
	EndGlobalSection
	GlobalSection(ExtensibilityGlobals) = postSolution
		SolutionGuid = {A40285C6-0F5E-493C-AFE5-16EC266E7E83}
	EndGlobalSection
EndGlobal
